
Microsoft Visual Studio Solution File, Format Version 12.00
# Visual Studio 2013
VisualStudioVersion = 12.0.31101.0
MinimumVisualStudioVersion = 10.0.40219.1
Project("{FAE04EC0-301F-11D3-BF4B-00C04F79EFBC}") = "first", "first\first.csproj", "{FEAE66BA-7DDB-4106-B56E-C5760CAD3B2A}"
EndProject
Project("{FAE04EC0-301F-11D3-BF4B-00C04F79EFBC}") = "suggest3 区别as is", "suggest3 区别as is\suggest3 区别as is.csproj", "{FC2AD712-C82B-4FF9-8E88-4D0B2C383472}"
EndProject
Project("{FAE04EC0-301F-11D3-BF4B-00C04F79EFBC}") = "suggest4 parse和tryparse", "suggest4 parse和tryparse\suggest4 parse和tryparse.csproj", "{15CAB681-418F-426A-8FAE-B33AAF20BC5E}"
EndProject
Project("{FAE04EC0-301F-11D3-BF4B-00C04F79EFBC}") = "suggest7 枚举", "suggest7 枚举\suggest7 枚举.csproj", "{85814BF1-B3DE-42AC-8203-E95DAEC7421C}"
EndProject
Global
	GlobalSection(SolutionConfigurationPlatforms) = preSolution
		Debug|Any CPU = Debug|Any CPU
		Release|Any CPU = Release|Any CPU
	EndGlobalSection
	GlobalSection(ProjectConfigurationPlatforms) = postSolution
		{FEAE66BA-7DDB-4106-B56E-C5760CAD3B2A}.Debug|Any CPU.ActiveCfg = Debug|Any CPU
		{FEAE66BA-7DDB-4106-B56E-C5760CAD3B2A}.Debug|Any CPU.Build.0 = Debug|Any CPU
		{FEAE66BA-7DDB-4106-B56E-C5760CAD3B2A}.Release|Any CPU.ActiveCfg = Release|Any CPU
		{FEAE66BA-7DDB-4106-B56E-C5760CAD3B2A}.Release|Any CPU.Build.0 = Release|Any CPU
		{FC2AD712-C82B-4FF9-8E88-4D0B2C383472}.Debug|Any CPU.ActiveCfg = Debug|Any CPU
		{FC2AD712-C82B-4FF9-8E88-4D0B2C383472}.Debug|Any CPU.Build.0 = Debug|Any CPU
		{FC2AD712-C82B-4FF9-8E88-4D0B2C383472}.Release|Any CPU.ActiveCfg = Release|Any CPU
		{FC2AD712-C82B-4FF9-8E88-4D0B2C383472}.Release|Any CPU.Build.0 = Release|Any CPU
		{15CAB681-418F-426A-8FAE-B33AAF20BC5E}.Debug|Any CPU.ActiveCfg = Debug|Any CPU
		{15CAB681-418F-426A-8FAE-B33AAF20BC5E}.Debug|Any CPU.Build.0 = Debug|Any CPU
		{15CAB681-418F-426A-8FAE-B33AAF20BC5E}.Release|Any CPU.ActiveCfg = Release|Any CPU
		{15CAB681-418F-426A-8FAE-B33AAF20BC5E}.Release|Any CPU.Build.0 = Release|Any CPU
		{85814BF1-B3DE-42AC-8203-E95DAEC7421C}.Debug|Any CPU.ActiveCfg = Debug|Any CPU
		{85814BF1-B3DE-42AC-8203-E95DAEC7421C}.Debug|Any CPU.Build.0 = Debug|Any CPU
		{85814BF1-B3DE-42AC-8203-E95DAEC7421C}.Release|Any CPU.ActiveCfg = Release|Any CPU
		{85814BF1-B3DE-42AC-8203-E95DAEC7421C}.Release|Any CPU.Build.0 = Release|Any CPU
	EndGlobalSection
	GlobalSection(SolutionProperties) = preSolution
		HideSolutionNode = FALSE
	EndGlobalSection
EndGlobal
